PODS:
  - AtSugar (0.1.1)
  - castaway (0.7.4)
  - DynamicInvoker (0.2.0)
  - Expecta (1.0.5)
  - KVOController (1.0.3)
  - PromiseKit/CorePromise (3.0.2)
  - Segundo (0.1.2):
    - AtSugar
    - castaway
    - DynamicInvoker
    - KVOController
    - PromiseKit/CorePromise
  - Specta (1.0.5)

DEPENDENCIES:
  - Expecta
  - Segundo (from `../`)
  - Specta

EXTERNAL SOURCES:
  Segundo:
    :path: "../"

SPEC CHECKSUMS:
  AtSugar: 25ddf068f42f2e35c6cc2ef0275e87d8395ac332
  castaway: 37786efc496367972f63eab5617a01675c003d7e
  DynamicInvoker: 3e9c0b13c21a6e60a3ba49aeb8483003906d8d61
  Expecta: e1c022fcd33910b6be89c291d2775b3fe27a89fe
  KVOController: 9fd8f0343670994e4b6f9f0b31f5a45663f3e1cf
  PromiseKit: ab1a380f7a30cf8cce663a2411e8b3580b10313d
  Segundo: 733fb1012f71f297f4500d6a7061eb3a19ae77ce
  Specta: ac94d110b865115fe60ff2c6d7281053c6f8e8a2

COCOAPODS: 0.39.0
