PODS:
  - AtSugar (0.1.1)
  - AtSugarMixin (0.1.0):
    - ObjectiveMixin
  - castaway (0.7.4)
  - DynamicInvoker (0.2.0)
  - Expecta (1.0.3)
  - KVOController (1.0.3)
  - ObjectiveMixin (1.0.0)
  - PromiseKit/CorePromise (3.0.1)
  - Segundo (0.1.0):
    - AtSugar
    - AtSugarMixin
    - castaway
    - DynamicInvoker
    - KVOController
    - ObjectiveMixin
    - PromiseKit/CorePromise
  - Specta (1.0.4)

DEPENDENCIES:
  - Expecta
  - Segundo (from `../`)
  - Specta

EXTERNAL SOURCES:
  Segundo:
    :path: "../"

SPEC CHECKSUMS:
  AtSugar: 25ddf068f42f2e35c6cc2ef0275e87d8395ac332
  AtSugarMixin: 8e0b2bd2f2643d02be9f63f878fc87190adb34f1
  castaway: 37786efc496367972f63eab5617a01675c003d7e
  DynamicInvoker: 3e9c0b13c21a6e60a3ba49aeb8483003906d8d61
  Expecta: 9d1bff6c8b0eeee73a166a2ee898892478927a15
  KVOController: 9fd8f0343670994e4b6f9f0b31f5a45663f3e1cf
  ObjectiveMixin: f66ae796e905a1eefdac8f4e757565c588bdac4a
  PromiseKit: 19d12914484a15c25a46f72fde38579204a5dac6
  Segundo: 8d7d470d0094b5687f98ed9bdbd7172c7e2196a4
  Specta: 69bb134672aae190a1379ff91df07dad8dd1f869

COCOAPODS: 0.39.0
